
Microsoft Visual Studio Solution File, Format Version 12.00
# Visual Studio Version 16
VisualStudioVersion = 16.0.31624.102
MinimumVisualStudioVersion = 10.0.40219.1
Project("{FAE04EC0-301F-11D3-BF4B-00C04F79EFBC}") = "Bible.Android", "Bible\Bible.Android\Bible.Android.csproj", "{203BA185-C13A-4F03-8CA7-98FEE5244826}"
EndProject
Project("{FAE04EC0-301F-11D3-BF4B-00C04F79EFBC}") = "Bible.iOS", "Bible\Bible.iOS\Bible.iOS.csproj", "{7BD06AA6-235B-4CC4-9989-B701E80B7CE3}"
EndProject
Project("{FAE04EC0-301F-11D3-BF4B-00C04F79EFBC}") = "Bible", "Bible\Bible\Bible.csproj", "{A1D6BCB3-BCC6-4B92-87F2-6E6BE9C1BAD6}"
EndProject
Global
	GlobalSection(SolutionConfigurationPlatforms) = preSolution
		Debug|Any CPU = Debug|Any CPU
		Debug|iPhone = Debug|iPhone
		Debug|iPhoneSimulator = Debug|iPhoneSimulator
		Release|Any CPU = Release|Any CPU
		Release|iPhone = Release|iPhone
		Release|iPhoneSimulator = Release|iPhoneSimulator
	EndGlobalSection
	GlobalSection(ProjectConfigurationPlatforms) = postSolution
		{203BA185-C13A-4F03-8CA7-98FEE5244826}.Debug|Any CPU.ActiveCfg = Debug|Any CPU
		{203BA185-C13A-4F03-8CA7-98FEE5244826}.Debug|Any CPU.Build.0 = Debug|Any CPU
		{203BA185-C13A-4F03-8CA7-98FEE5244826}.Debug|Any CPU.Deploy.0 = Debug|Any CPU
		{203BA185-C13A-4F03-8CA7-98FEE5244826}.Debug|iPhone.ActiveCfg = Debug|Any CPU
		{203BA185-C13A-4F03-8CA7-98FEE5244826}.Debug|iPhone.Build.0 = Debug|Any CPU
		{203BA185-C13A-4F03-8CA7-98FEE5244826}.Debug|iPhone.Deploy.0 = Debug|Any CPU
		{203BA185-C13A-4F03-8CA7-98FEE5244826}.Debug|iPhoneSimulator.ActiveCfg = Debug|Any CPU
		{203BA185-C13A-4F03-8CA7-98FEE5244826}.Debug|iPhoneSimulator.Build.0 = Debug|Any CPU
		{203BA185-C13A-4F03-8CA7-98FEE5244826}.Debug|iPhoneSimulator.Deploy.0 = Debug|Any CPU
		{203BA185-C13A-4F03-8CA7-98FEE5244826}.Release|Any CPU.ActiveCfg = Release|Any CPU
		{203BA185-C13A-4F03-8CA7-98FEE5244826}.Release|Any CPU.Build.0 = Release|Any CPU
		{203BA185-C13A-4F03-8CA7-98FEE5244826}.Release|Any CPU.Deploy.0 = Release|Any CPU
		{203BA185-C13A-4F03-8CA7-98FEE5244826}.Release|iPhone.ActiveCfg = Release|Any CPU
		{203BA185-C13A-4F03-8CA7-98FEE5244826}.Release|iPhone.Build.0 = Release|Any CPU
		{203BA185-C13A-4F03-8CA7-98FEE5244826}.Release|iPhone.Deploy.0 = Release|Any CPU
		{203BA185-C13A-4F03-8CA7-98FEE5244826}.Release|iPhoneSimulator.ActiveCfg = Release|Any CPU
		{203BA185-C13A-4F03-8CA7-98FEE5244826}.Release|iPhoneSimulator.Build.0 = Release|Any CPU
		{203BA185-C13A-4F03-8CA7-98FEE5244826}.Release|iPhoneSimulator.Deploy.0 = Release|Any CPU
		{7BD06AA6-235B-4CC4-9989-B701E80B7CE3}.Debug|Any CPU.ActiveCfg = Debug|iPhone
		{7BD06AA6-235B-4CC4-9989-B701E80B7CE3}.Debug|Any CPU.Build.0 = Debug|iPhone
		{7BD06AA6-235B-4CC4-9989-B701E80B7CE3}.Debug|Any CPU.Deploy.0 = Debug|iPhone
		{7BD06AA6-235B-4CC4-9989-B701E80B7CE3}.Debug|iPhone.ActiveCfg = Debug|iPhone
		{7BD06AA6-235B-4CC4-9989-B701E80B7CE3}.Debug|iPhone.Build.0 = Debug|iPhone
		{7BD06AA6-235B-4CC4-9989-B701E80B7CE3}.Debug|iPhone.Deploy.0 = Debug|iPhone
		{7BD06AA6-235B-4CC4-9989-B701E80B7CE3}.Debug|iPhoneSimulator.ActiveCfg = Debug|iPhoneSimulator
		{7BD06AA6-235B-4CC4-9989-B701E80B7CE3}.Debug|iPhoneSimulator.Build.0 = Debug|iPhoneSimulator
		{7BD06AA6-235B-4CC4-9989-B701E80B7CE3}.Debug|iPhoneSimulator.Deploy.0 = Debug|iPhoneSimulator
		{7BD06AA6-235B-4CC4-9989-B701E80B7CE3}.Release|Any CPU.ActiveCfg = Release|iPhoneSimulator
		{7BD06AA6-235B-4CC4-9989-B701E80B7CE3}.Release|Any CPU.Build.0 = Release|iPhoneSimulator
		{7BD06AA6-235B-4CC4-9989-B701E80B7CE3}.Release|Any CPU.Deploy.0 = Release|iPhoneSimulator
		{7BD06AA6-235B-4CC4-9989-B701E80B7CE3}.Release|iPhone.ActiveCfg = Release|iPhone
		{7BD06AA6-235B-4CC4-9989-B701E80B7CE3}.Release|iPhone.Build.0 = Release|iPhone
		{7BD06AA6-235B-4CC4-9989-B701E80B7CE3}.Release|iPhone.Deploy.0 = Release|iPhone
		{7BD06AA6-235B-4CC4-9989-B701E80B7CE3}.Release|iPhoneSimulator.ActiveCfg = Release|iPhoneSimulator
		{7BD06AA6-235B-4CC4-9989-B701E80B7CE3}.Release|iPhoneSimulator.Build.0 = Release|iPhoneSimulator
		{7BD06AA6-235B-4CC4-9989-B701E80B7CE3}.Release|iPhoneSimulator.Deploy.0 = Release|iPhoneSimulator
		{A1D6BCB3-BCC6-4B92-87F2-6E6BE9C1BAD6}.Debug|Any CPU.ActiveCfg = Debug|Any CPU
		{A1D6BCB3-BCC6-4B92-87F2-6E6BE9C1BAD6}.Debug|Any CPU.Build.0 = Debug|Any CPU
		{A1D6BCB3-BCC6-4B92-87F2-6E6BE9C1BAD6}.Debug|Any CPU.Deploy.0 = Debug|Any CPU
		{A1D6BCB3-BCC6-4B92-87F2-6E6BE9C1BAD6}.Debug|iPhone.ActiveCfg = Debug|Any CPU
		{A1D6BCB3-BCC6-4B92-87F2-6E6BE9C1BAD6}.Debug|iPhone.Build.0 = Debug|Any CPU
		{A1D6BCB3-BCC6-4B92-87F2-6E6BE9C1BAD6}.Debug|iPhone.Deploy.0 = Debug|Any CPU
		{A1D6BCB3-BCC6-4B92-87F2-6E6BE9C1BAD6}.Debug|iPhoneSimulator.ActiveCfg = Debug|Any CPU
		{A1D6BCB3-BCC6-4B92-87F2-6E6BE9C1BAD6}.Debug|iPhoneSimulator.Build.0 = Debug|Any CPU
		{A1D6BCB3-BCC6-4B92-87F2-6E6BE9C1BAD6}.Debug|iPhoneSimulator.Deploy.0 = Debug|Any CPU
		{A1D6BCB3-BCC6-4B92-87F2-6E6BE9C1BAD6}.Release|Any CPU.ActiveCfg = Release|Any CPU
		{A1D6BCB3-BCC6-4B92-87F2-6E6BE9C1BAD6}.Release|Any CPU.Build.0 = Release|Any CPU
		{A1D6BCB3-BCC6-4B92-87F2-6E6BE9C1BAD6}.Release|Any CPU.Deploy.0 = Release|Any CPU
		{A1D6BCB3-BCC6-4B92-87F2-6E6BE9C1BAD6}.Release|iPhone.ActiveCfg = Release|Any CPU
		{A1D6BCB3-BCC6-4B92-87F2-6E6BE9C1BAD6}.Release|iPhone.Build.0 = Release|Any CPU
		{A1D6BCB3-BCC6-4B92-87F2-6E6BE9C1BAD6}.Release|iPhone.Deploy.0 = Release|Any CPU
		{A1D6BCB3-BCC6-4B92-87F2-6E6BE9C1BAD6}.Release|iPhoneSimulator.ActiveCfg = Release|Any CPU
		{A1D6BCB3-BCC6-4B92-87F2-6E6BE9C1BAD6}.Release|iPhoneSimulator.Build.0 = Release|Any CPU
		{A1D6BCB3-BCC6-4B92-87F2-6E6BE9C1BAD6}.Release|iPhoneSimulator.Deploy.0 = Release|Any CPU
	EndGlobalSection
	GlobalSection(SolutionProperties) = preSolution
		HideSolutionNode = FALSE
	EndGlobalSection
	GlobalSection(ExtensibilityGlobals) = postSolution
		SolutionGuid = {E404D064-5E7F-478B-B7B5-2B016EAFA8A4}
	EndGlobalSection
EndGlobal
